
Microsoft Visual Studio Solution File, Format Version 12.00
# Visual Studio Version 16
VisualStudioVersion = 16.0.29025.244
MinimumVisualStudioVersion = 10.0.40219.1
Project("{FAE04EC0-301F-11D3-BF4B-00C04F79EFBC}") = "TicTacToe", "TicTacToe\TicTacToe.csproj", "{D10764C8-829E-44EE-9002-670A74FF5836}"
EndProject
Global
	GlobalSection(SolutionConfigurationPlatforms) = preSolution
		Debug|Any CPU = Debug|Any CPU
		Release|Any CPU = Release|Any CPU
	EndGlobalSection
	GlobalSection(ProjectConfigurationPlatforms) = postSolution
		{D10764C8-829E-44EE-9002-670A74FF5836}.Debug|Any CPU.ActiveCfg = Debug|Any CPU
		{D10764C8-829E-44EE-9002-670A74FF5836}.Debug|Any CPU.Build.0 = Debug|Any CPU
		{D10764C8-829E-44EE-9002-670A74FF5836}.Release|Any CPU.ActiveCfg = Release|Any CPU
		{D10764C8-829E-44EE-9002-670A74FF5836}.Release|Any CPU.Build.0 = Release|Any CPU
	EndGlobalSection
	GlobalSection(SolutionProperties) = preSolution
		HideSolutionNode = FALSE
	EndGlobalSection
	GlobalSection(ExtensibilityGlobals) = postSolution
		SolutionGuid = {65B5EE12-A3B8-455A-A17D-1179C43FEADE}
	EndGlobalSection
EndGlobal
